
Microsoft Visual Studio Solution File, Format Version 12.00
# Visual Studio Version 17
VisualStudioVersion = 17.5.002.0
MinimumVisualStudioVersion = 10.0.40219.1
Project("{9A19103F-16F7-4668-BE54-9A1E7A4F7556}") = "Task001", "Task001\Task001.csproj", "{B26185DF-8E51-4635-8CEE-7B02C48CFBC9}"
EndProject
Project("{FAE04EC0-301F-11D3-BF4B-00C04F79EFBC}") = "Task002", "Task002\Task002.csproj", "{F44AE2C3-6FBA-4C43-B0C6-4392A3972567}"
EndProject
Project("{FAE04EC0-301F-11D3-BF4B-00C04F79EFBC}") = "Task003", "Task003\Task003.csproj", "{BF9ED00C-DA98-4163-925C-EDA37E9E33FD}"
EndProject
Project("{FAE04EC0-301F-11D3-BF4B-00C04F79EFBC}") = "Task004", "Task004\Task004.csproj", "{2ACF3F5E-090E-49A6-82FD-3897CF0BD8BE}"
EndProject
Project("{FAE04EC0-301F-11D3-BF4B-00C04F79EFBC}") = "Task025", "Task025\Task025.csproj", "{8E23628F-9913-4D35-82BB-D9DAB3E48EF7}"
EndProject
Project("{FAE04EC0-301F-11D3-BF4B-00C04F79EFBC}") = "Task027", "Task027\Task027.csproj", "{F8E606C7-82C3-4F21-9AF7-55562DAAE052}"
EndProject
Project("{FAE04EC0-301F-11D3-BF4B-00C04F79EFBC}") = "Task029", "Task029\Task029.csproj", "{7426EC46-8AAA-4417-A103-7920A6E797B0}"
EndProject
Global
	GlobalSection(SolutionConfigurationPlatforms) = preSolution
		Debug|Any CPU = Debug|Any CPU
		Release|Any CPU = Release|Any CPU
	EndGlobalSection
	GlobalSection(ProjectConfigurationPlatforms) = postSolution
		{B26185DF-8E51-4635-8CEE-7B02C48CFBC9}.Debug|Any CPU.ActiveCfg = Debug|Any CPU
		{B26185DF-8E51-4635-8CEE-7B02C48CFBC9}.Debug|Any CPU.Build.0 = Debug|Any CPU
		{B26185DF-8E51-4635-8CEE-7B02C48CFBC9}.Release|Any CPU.ActiveCfg = Release|Any CPU
		{B26185DF-8E51-4635-8CEE-7B02C48CFBC9}.Release|Any CPU.Build.0 = Release|Any CPU
		{F44AE2C3-6FBA-4C43-B0C6-4392A3972567}.Debug|Any CPU.ActiveCfg = Debug|Any CPU
		{F44AE2C3-6FBA-4C43-B0C6-4392A3972567}.Debug|Any CPU.Build.0 = Debug|Any CPU
		{F44AE2C3-6FBA-4C43-B0C6-4392A3972567}.Release|Any CPU.ActiveCfg = Release|Any CPU
		{F44AE2C3-6FBA-4C43-B0C6-4392A3972567}.Release|Any CPU.Build.0 = Release|Any CPU
		{BF9ED00C-DA98-4163-925C-EDA37E9E33FD}.Debug|Any CPU.ActiveCfg = Debug|Any CPU
		{BF9ED00C-DA98-4163-925C-EDA37E9E33FD}.Debug|Any CPU.Build.0 = Debug|Any CPU
		{BF9ED00C-DA98-4163-925C-EDA37E9E33FD}.Release|Any CPU.ActiveCfg = Release|Any CPU
		{BF9ED00C-DA98-4163-925C-EDA37E9E33FD}.Release|Any CPU.Build.0 = Release|Any CPU
		{2ACF3F5E-090E-49A6-82FD-3897CF0BD8BE}.Debug|Any CPU.ActiveCfg = Debug|Any CPU
		{2ACF3F5E-090E-49A6-82FD-3897CF0BD8BE}.Debug|Any CPU.Build.0 = Debug|Any CPU
		{2ACF3F5E-090E-49A6-82FD-3897CF0BD8BE}.Release|Any CPU.ActiveCfg = Release|Any CPU
		{2ACF3F5E-090E-49A6-82FD-3897CF0BD8BE}.Release|Any CPU.Build.0 = Release|Any CPU
		{8E23628F-9913-4D35-82BB-D9DAB3E48EF7}.Debug|Any CPU.ActiveCfg = Debug|Any CPU
		{8E23628F-9913-4D35-82BB-D9DAB3E48EF7}.Debug|Any CPU.Build.0 = Debug|Any CPU
		{8E23628F-9913-4D35-82BB-D9DAB3E48EF7}.Release|Any CPU.ActiveCfg = Release|Any CPU
		{8E23628F-9913-4D35-82BB-D9DAB3E48EF7}.Release|Any CPU.Build.0 = Release|Any CPU
		{F8E606C7-82C3-4F21-9AF7-55562DAAE052}.Debug|Any CPU.ActiveCfg = Debug|Any CPU
		{F8E606C7-82C3-4F21-9AF7-55562DAAE052}.Debug|Any CPU.Build.0 = Debug|Any CPU
		{F8E606C7-82C3-4F21-9AF7-55562DAAE052}.Release|Any CPU.ActiveCfg = Release|Any CPU
		{F8E606C7-82C3-4F21-9AF7-55562DAAE052}.Release|Any CPU.Build.0 = Release|Any CPU
		{7426EC46-8AAA-4417-A103-7920A6E797B0}.Debug|Any CPU.ActiveCfg = Debug|Any CPU
		{7426EC46-8AAA-4417-A103-7920A6E797B0}.Debug|Any CPU.Build.0 = Debug|Any CPU
		{7426EC46-8AAA-4417-A103-7920A6E797B0}.Release|Any CPU.ActiveCfg = Release|Any CPU
		{7426EC46-8AAA-4417-A103-7920A6E797B0}.Release|Any CPU.Build.0 = Release|Any CPU
	EndGlobalSection
	GlobalSection(SolutionProperties) = preSolution
		HideSolutionNode = FALSE
	EndGlobalSection
	GlobalSection(ExtensibilityGlobals) = postSolution
		SolutionGuid = {4A777355-9908-4A71-83A5-6D75DB884458}
	EndGlobalSection
EndGlobal
